
Microsoft Visual Studio Solution File, Format Version 12.00
# Visual Studio Version 17
VisualStudioVersion = 17.7.34221.43
MinimumVisualStudioVersion = 10.0.40219.1
Project("{9A19103F-16F7-4668-BE54-9A1E7A4F7556}") = "BlazorTutorial.App", "BlazorTutorial.App\BlazorTutorial.App.csproj", "{180F2541-1E4D-4877-B415-C816B37244B8}"
EndProject
Project("{FAE04EC0-301F-11D3-BF4B-00C04F79EFBC}") = "BlazorTutorial.Model", "BlazorTutorial.Model\BlazorTutorial.Model.csproj", "{0BFC67F2-514F-4AA4-9CB9-C1E936CB914A}"
EndProject
Global
	GlobalSection(SolutionConfigurationPlatforms) = preSolution
		Debug|Any CPU = Debug|Any CPU
		Release|Any CPU = Release|Any CPU
	EndGlobalSection
	GlobalSection(ProjectConfigurationPlatforms) = postSolution
		{180F2541-1E4D-4877-B415-C816B37244B8}.Debug|Any CPU.ActiveCfg = Debug|Any CPU
		{180F2541-1E4D-4877-B415-C816B37244B8}.Debug|Any CPU.Build.0 = Debug|Any CPU
		{180F2541-1E4D-4877-B415-C816B37244B8}.Release|Any CPU.ActiveCfg = Release|Any CPU
		{180F2541-1E4D-4877-B415-C816B37244B8}.Release|Any CPU.Build.0 = Release|Any CPU
		{0BFC67F2-514F-4AA4-9CB9-C1E936CB914A}.Debug|Any CPU.ActiveCfg = Debug|Any CPU
		{0BFC67F2-514F-4AA4-9CB9-C1E936CB914A}.Debug|Any CPU.Build.0 = Debug|Any CPU
		{0BFC67F2-514F-4AA4-9CB9-C1E936CB914A}.Release|Any CPU.ActiveCfg = Release|Any CPU
		{0BFC67F2-514F-4AA4-9CB9-C1E936CB914A}.Release|Any CPU.Build.0 = Release|Any CPU
	EndGlobalSection
	GlobalSection(SolutionProperties) = preSolution
		HideSolutionNode = FALSE
	EndGlobalSection
	GlobalSection(ExtensibilityGlobals) = postSolution
		SolutionGuid = {560FF859-6ED6-4C20-86BB-F12000196404}
	EndGlobalSection
EndGlobal
