
Microsoft Visual Studio Solution File, Format Version 12.00
# Visual Studio Version 17
VisualStudioVersion = 17.7.34221.43
MinimumVisualStudioVersion = 10.0.40219.1
Project("{9A19103F-16F7-4668-BE54-9A1E7A4F7556}") = "XafTutorial.Module", "XafTutorial.Module\XafTutorial.Module.csproj", "{D276A369-4A82-4D58-B184-437452C5A3F3}"
EndProject
Project("{9A19103F-16F7-4668-BE54-9A1E7A4F7556}") = "XafTutorial.Blazor.Server", "XafTutorial.Blazor.Server\XafTutorial.Blazor.Server.csproj", "{7DFD8296-2456-44F4-9F61-2CFFB04FCF73}"
EndProject
Global
	GlobalSection(SolutionConfigurationPlatforms) = preSolution
		Debug|Any CPU = Debug|Any CPU
		EasyTest|Any CPU = EasyTest|Any CPU
		Release|Any CPU = Release|Any CPU
	EndGlobalSection
	GlobalSection(ProjectConfigurationPlatforms) = postSolution
		{D276A369-4A82-4D58-B184-437452C5A3F3}.Debug|Any CPU.ActiveCfg = Debug|Any CPU
		{D276A369-4A82-4D58-B184-437452C5A3F3}.Debug|Any CPU.Build.0 = Debug|Any CPU
		{D276A369-4A82-4D58-B184-437452C5A3F3}.EasyTest|Any CPU.ActiveCfg = EasyTest|Any CPU
		{D276A369-4A82-4D58-B184-437452C5A3F3}.EasyTest|Any CPU.Build.0 = EasyTest|Any CPU
		{D276A369-4A82-4D58-B184-437452C5A3F3}.Release|Any CPU.ActiveCfg = Release|Any CPU
		{D276A369-4A82-4D58-B184-437452C5A3F3}.Release|Any CPU.Build.0 = Release|Any CPU
		{7DFD8296-2456-44F4-9F61-2CFFB04FCF73}.Debug|Any CPU.ActiveCfg = Debug|Any CPU
		{7DFD8296-2456-44F4-9F61-2CFFB04FCF73}.Debug|Any CPU.Build.0 = Debug|Any CPU
		{7DFD8296-2456-44F4-9F61-2CFFB04FCF73}.EasyTest|Any CPU.ActiveCfg = EasyTest|Any CPU
		{7DFD8296-2456-44F4-9F61-2CFFB04FCF73}.EasyTest|Any CPU.Build.0 = EasyTest|Any CPU
		{7DFD8296-2456-44F4-9F61-2CFFB04FCF73}.Release|Any CPU.ActiveCfg = Release|Any CPU
		{7DFD8296-2456-44F4-9F61-2CFFB04FCF73}.Release|Any CPU.Build.0 = Release|Any CPU
	EndGlobalSection
	GlobalSection(SolutionProperties) = preSolution
		HideSolutionNode = FALSE
	EndGlobalSection
EndGlobal
